
Microsoft Visual Studio Solution File, Format Version 12.00
# Visual Studio 14
VisualStudioVersion = 14.0.24720.0
MinimumVisualStudioVersion = 10.0.40219.1
Project("{FAE04EC0-301F-11D3-BF4B-00C04F79EFBC}") = "WordHive", "WordHive\WordHive.csproj", "{6AF76582-9858-455E-85FE-23B2C7C9E67D}"
EndProject
Project("{FAE04EC0-301F-11D3-BF4B-00C04F79EFBC}") = "WordHive.Tests", "WordHive.Tests\WordHive.Tests.csproj", "{B8BEBF54-9186-4C1D-AE95-C4FD812DE829}"
EndProject
Global
	GlobalSection(SolutionConfigurationPlatforms) = preSolution
		Debug|Any CPU = Debug|Any CPU
		Release|Any CPU = Release|Any CPU
	EndGlobalSection
	GlobalSection(ProjectConfigurationPlatforms) = postSolution
		{6AF76582-9858-455E-85FE-23B2C7C9E67D}.Debug|Any CPU.ActiveCfg = Debug|Any CPU
		{6AF76582-9858-455E-85FE-23B2C7C9E67D}.Debug|Any CPU.Build.0 = Debug|Any CPU
		{6AF76582-9858-455E-85FE-23B2C7C9E67D}.Release|Any CPU.ActiveCfg = Release|Any CPU
		{6AF76582-9858-455E-85FE-23B2C7C9E67D}.Release|Any CPU.Build.0 = Release|Any CPU
		{B8BEBF54-9186-4C1D-AE95-C4FD812DE829}.Debug|Any CPU.ActiveCfg = Debug|Any CPU
		{B8BEBF54-9186-4C1D-AE95-C4FD812DE829}.Debug|Any CPU.Build.0 = Debug|Any CPU
		{B8BEBF54-9186-4C1D-AE95-C4FD812DE829}.Release|Any CPU.ActiveCfg = Release|Any CPU
		{B8BEBF54-9186-4C1D-AE95-C4FD812DE829}.Release|Any CPU.Build.0 = Release|Any CPU
	EndGlobalSection
	GlobalSection(SolutionProperties) = preSolution
		HideSolutionNode = FALSE
	EndGlobalSection
EndGlobal
